
Microsoft Visual Studio Solution File, Format Version 12.00
# Visual Studio Version 17
VisualStudioVersion = 17.2.32602.215
MinimumVisualStudioVersion = 10.0.40219.1
Project("{9A19103F-16F7-4668-BE54-9A1E7A4F7556}") = "JWDataTracker.Infrastructure", "JWDataTracker.Infrastructure\JWDataTracker.Infrastructure.csproj", "{E167AEB0-7739-42A2-9DD8-67977B4F033F}"
EndProject
Project("{9A19103F-16F7-4668-BE54-9A1E7A4F7556}") = "JWDataTracker.Domain", "JWDataTracker.Domain\JWDataTracker.Domain.csproj", "{B3BF142C-BD68-4B87-A4B9-477B55BE97FC}"
EndProject
Project("{9A19103F-16F7-4668-BE54-9A1E7A4F7556}") = "JWDataTracker.Application", "JWDataTracker.Application\JWDataTracker.Application.csproj", "{77A9FF1D-2F45-4A2D-9B0A-579FEC640F20}"
EndProject
Project("{9A19103F-16F7-4668-BE54-9A1E7A4F7556}") = "JWDataTracker.Helper", "JWDataTracker.Helper\JWDataTracker.Helper.csproj", "{3852D847-90C6-4DE1-A7C4-3CE8F3784BE1}"
EndProject
Project("{FAE04EC0-301F-11D3-BF4B-00C04F79EFBC}") = "JWDataTracker.Api", "JWDataTracker.Api\JWDataTracker.Api.csproj", "{84271430-970C-473C-9A68-5D3097DFDD55}"
EndProject
Global
	GlobalSection(SolutionConfigurationPlatforms) = preSolution
		Debug|Any CPU = Debug|Any CPU
		Release|Any CPU = Release|Any CPU
	EndGlobalSection
	GlobalSection(ProjectConfigurationPlatforms) = postSolution
		{E167AEB0-7739-42A2-9DD8-67977B4F033F}.Debug|Any CPU.ActiveCfg = Debug|Any CPU
		{E167AEB0-7739-42A2-9DD8-67977B4F033F}.Debug|Any CPU.Build.0 = Debug|Any CPU
		{E167AEB0-7739-42A2-9DD8-67977B4F033F}.Release|Any CPU.ActiveCfg = Release|Any CPU
		{E167AEB0-7739-42A2-9DD8-67977B4F033F}.Release|Any CPU.Build.0 = Release|Any CPU
		{B3BF142C-BD68-4B87-A4B9-477B55BE97FC}.Debug|Any CPU.ActiveCfg = Debug|Any CPU
		{B3BF142C-BD68-4B87-A4B9-477B55BE97FC}.Debug|Any CPU.Build.0 = Debug|Any CPU
		{B3BF142C-BD68-4B87-A4B9-477B55BE97FC}.Release|Any CPU.ActiveCfg = Release|Any CPU
		{B3BF142C-BD68-4B87-A4B9-477B55BE97FC}.Release|Any CPU.Build.0 = Release|Any CPU
		{77A9FF1D-2F45-4A2D-9B0A-579FEC640F20}.Debug|Any CPU.ActiveCfg = Debug|Any CPU
		{77A9FF1D-2F45-4A2D-9B0A-579FEC640F20}.Debug|Any CPU.Build.0 = Debug|Any CPU
		{77A9FF1D-2F45-4A2D-9B0A-579FEC640F20}.Release|Any CPU.ActiveCfg = Release|Any CPU
		{77A9FF1D-2F45-4A2D-9B0A-579FEC640F20}.Release|Any CPU.Build.0 = Release|Any CPU
		{3852D847-90C6-4DE1-A7C4-3CE8F3784BE1}.Debug|Any CPU.ActiveCfg = Debug|Any CPU
		{3852D847-90C6-4DE1-A7C4-3CE8F3784BE1}.Debug|Any CPU.Build.0 = Debug|Any CPU
		{3852D847-90C6-4DE1-A7C4-3CE8F3784BE1}.Release|Any CPU.ActiveCfg = Release|Any CPU
		{3852D847-90C6-4DE1-A7C4-3CE8F3784BE1}.Release|Any CPU.Build.0 = Release|Any CPU
		{84271430-970C-473C-9A68-5D3097DFDD55}.Debug|Any CPU.ActiveCfg = Debug|Any CPU
		{84271430-970C-473C-9A68-5D3097DFDD55}.Debug|Any CPU.Build.0 = Debug|Any CPU
		{84271430-970C-473C-9A68-5D3097DFDD55}.Release|Any CPU.ActiveCfg = Release|Any CPU
		{84271430-970C-473C-9A68-5D3097DFDD55}.Release|Any CPU.Build.0 = Release|Any CPU
	EndGlobalSection
	GlobalSection(SolutionProperties) = preSolution
		HideSolutionNode = FALSE
	EndGlobalSection
	GlobalSection(ExtensibilityGlobals) = postSolution
		SolutionGuid = {4744EB4E-F4DF-4F95-98BB-C38D3F6A42E4}
	EndGlobalSection
EndGlobal
